{
  "name": "vue-chocolat",
  "version": "1.0.1",
  "lockfileVersion": 1,
  "requires": true,
  "dependencies": {
    "chocolat": {
      "version": "1.0.2",
      "resolved": "https://registry.npmjs.org/chocolat/-/chocolat-1.0.2.tgz",
      "integrity": "sha512-P6dalXfMBQEMrG2KafRlvZX55gq/czjUQDM20wv6+/TFz57yEGSNPbeJRBSmDrpEYPUwOqZtw97FSgoYYeGJ2Q==",
      "requires": {
        "es6-promise": "^4.2.5"
      }
    },
    "es6-promise": {
      "version": "4.2.8",
      "resolved": "https://registry.npmjs.org/es6-promise/-/es6-promise-4.2.8.tgz",
      "integrity": "sha512-HJDGx5daxeIvxdBxvG2cb9g4tEvwIk3i8+nhX0yGrYmZUzbkdg8QbDevheDB8gd0//uPj4c1EQua8Q+MViT0/w=="
    }
  }
}
